// !$*UTF8*$!
{
	archiveVersion = 1;
	classes = {
	};
	objectVersion = 50;
	objects = {

/* Begin PBXBuildFile section */
		1E681DC423FF4F7800075763 /* AppDelegate.swift in Sources */ = {isa = PBXBuildFile; fileRef = 1E681DC323FF4F7800075763 /* AppDelegate.swift */; };
		1E681DC623FF4F7800075763 /* SceneDelegate.swift in Sources */ = {isa = PBXBuildFile; fileRef = 1E681DC523FF4F7800075763 /* SceneDelegate.swift */; };
		1E681DC823FF4F7800075763 /* ContentView.swift in Sources */ = {isa = PBXBuildFile; fileRef = 1E681DC723FF4F7800075763 /* ContentView.swift */; };
		1E681DCA23FF4F7900075763 /* Assets.xcassets in Resources */ = {isa = PBXBuildFile; fileRef = 1E681DC923FF4F7900075763 /* Assets.xcassets */; };
		1E681DCD23FF4F7900075763 /* Preview Assets.xcassets in Resources */ = {isa = PBXBuildFile; fileRef = 1E681DCC23FF4F7900075763 /* Preview Assets.xcassets */; };
		1E681DD023FF4F7900075763 /* LaunchScreen.storyboard in Resources */ = {isa = PBXBuildFile; fileRef = 1E681DCE23FF4F7900075763 /* LaunchScreen.storyboard */; };
		1E681DDF23FF806A00075763 /* ToDo.swift in Sources */ = {isa = PBXBuildFile; fileRef = 1E681DDE23FF806A00075763 /* ToDo.swift */; };
		1E681DE123FF80EF00075763 /* ListView.swift in Sources */ = {isa = PBXBuildFile; fileRef = 1E681DE023FF80EF00075763 /* ListView.swift */; };
		1E681DE323FF822E00075763 /* TodoCard.swift in Sources */ = {isa = PBXBuildFile; fileRef = 1E681DE223FF822E00075763 /* TodoCard.swift */; };
		1E681DE523FF897500075763 /* DetailView.swift in Sources */ = {isa = PBXBuildFile; fileRef = 1E681DE423FF897500075763 /* DetailView.swift */; };
/* End PBXBuildFile section */

/* Begin PBXFileReference section */
		1E681DC023FF4F7800075763 /* swiftui_sample.app */ = {isa = PBXFileReference; explicitFileType = wrapper.application; includeInIndex = 0; path = swiftui_sample.app; sourceTree = BUILT_PRODUCTS_DIR; };
		1E681DC323FF4F7800075763 /* AppDelegate.swift */ = {isa = PBXFileReference; lastKnownFileType = sourcecode.swift; path = AppDelegate.swift; sourceTree = "<group>"; };
		1E681DC523FF4F7800075763 /* SceneDelegate.swift */ = {isa = PBXFileReference; lastKnownFileType = sourcecode.swift; path = SceneDelegate.swift; sourceTree = "<group>"; };
		1E681DC723FF4F7800075763 /* ContentView.swift */ = {isa = PBXFileReference; lastKnownFileType = sourcecode.swift; path = ContentView.swift; sourceTree = "<group>"; };
		1E681DC923FF4F7900075763 /* Assets.xcassets */ = {isa = PBXFileReference; lastKnownFileType = folder.assetcatalog; path = Assets.xcassets; sourceTree = "<group>"; };
		1E681DCC23FF4F7900075763 /* Preview Assets.xcassets */ = {isa = PBXFileReference; lastKnownFileType = folder.assetcatalog; path = "Preview Assets.xcassets"; sourceTree = "<group>"; };
		1E681DCF23FF4F7900075763 /* Base */ = {isa = PBXFileReference; lastKnownFileType = file.storyboard; name = Base; path = Base.lproj/LaunchScreen.storyboard; sourceTree = "<group>"; };
		1E681DD123FF4F7900075763 /* Info.plist */ = {isa = PBXFileReference; lastKnownFileType = text.plist.xml; path = Info.plist; sourceTree = "<group>"; };
		1E681DDE23FF806A00075763 /* ToDo.swift */ = {isa = PBXFileReference; lastKnownFileType = sourcecode.swift; path = ToDo.swift; sourceTree = "<group>"; };
		1E681DE023FF80EF00075763 /* ListView.swift */ = {isa = PBXFileReference; lastKnownFileType = sourcecode.swift; path = ListView.swift; sourceTree = "<group>"; };
		1E681DE223FF822E00075763 /* TodoCard.swift */ = {isa = PBXFileReference; lastKnownFileType = sourcecode.swift; path = TodoCard.swift; sourceTree = "<group>"; };
		1E681DE423FF897500075763 /* DetailView.swift */ = {isa = PBXFileReference; lastKnownFileType = sourcecode.swift; path = DetailView.swift; sourceTree = "<group>"; };
/* End PBXFileReference section */

/* Begin PBXFrameworksBuildPhase section */
		1E681DBD23FF4F7800075763 /* Frameworks */ = {
			isa = PBXFrameworksBuildPhase;
			buildActionMask = 2147483647;
			files = (
			);
			runOnlyForDeploymentPostprocessing = 0;
		};
/* End PBXFrameworksBuildPhase section */

/* Begin PBXGroup section */
		1E681DB723FF4F7800075763 = {
			isa = PBXGroup;
			children = (
				1E681DC223FF4F7800075763 /* swiftui_sample */,
				1E681DC123FF4F7800075763 /* Products */,
			);
			sourceTree = "<group>";
		};
		1E681DC123FF4F7800075763 /* Products */ = {
			isa = PBXGroup;
			children = (
				1E681DC023FF4F7800075763 /* swiftui_sample.app */,
			);
			name = Products;
			sourceTree = "<group>";
		};
		1E681DC223FF4F7800075763 /* swiftui_sample */ = {
			isa = PBXGroup;
			children = (
				1E681DD723FF4FA600075763 /* Classes */,
				1E681DC923FF4F7900075763 /* Assets.xcassets */,
				1E681DCE23FF4F7900075763 /* LaunchScreen.storyboard */,
				1E681DD123FF4F7900075763 /* Info.plist */,
				1E681DCB23FF4F7900075763 /* Preview Content */,
			);
			path = swiftui_sample;
			sourceTree = "<group>";
		};
		1E681DCB23FF4F7900075763 /* Preview Content */ = {
			isa = PBXGroup;
			children = (
				1E681DCC23FF4F7900075763 /* Preview Assets.xcassets */,
			);
			path = "Preview Content";
			sourceTree = "<group>";
		};
		1E681DD723FF4FA600075763 /* Classes */ = {
			isa = PBXGroup;
			children = (
				1E681DC323FF4F7800075763 /* AppDelegate.swift */,
				1E681DC523FF4F7800075763 /* SceneDelegate.swift */,
				1E681DC723FF4F7800075763 /* ContentView.swift */,
				1E681DDE23FF806A00075763 /* ToDo.swift */,
				1E681DE023FF80EF00075763 /* ListView.swift */,
				1E681DE223FF822E00075763 /* TodoCard.swift */,
				1E681DE423FF897500075763 /* DetailView.swift */,
			);
			path = Classes;
			sourceTree = "<group>";
		};
/* End PBXGroup section */

/* Begin PBXNativeTarget section */
		1E681DBF23FF4F7800075763 /* swiftui_sample */ = {
			isa = PBXNativeTarget;
			buildConfigurationList = 1E681DD423FF4F7900075763 /* Build configuration list for PBXNativeTarget "swiftui_sample" */;
			buildPhases = (
				1E681DBC23FF4F7800075763 /* Sources */,
				1E681DBD23FF4F7800075763 /* Frameworks */,
				1E681DBE23FF4F7800075763 /* Resources */,
			);
			buildRules = (
			);
			dependencies = (
			);
			name = swiftui_sample;
			productName = swiftui_sample;
			productReference = 1E681DC023FF4F7800075763 /* swiftui_sample.app */;
			productType = "com.apple.product-type.application";
		};
/* End PBXNativeTarget section */

/* Begin PBXProject section */
		1E681DB823FF4F7800075763 /* Project object */ = {
			isa = PBXProject;
			attributes = {
				LastSwiftUpdateCheck = 1130;
				LastUpgradeCheck = 1130;
				ORGANIZATIONNAME = Kazuya;
				TargetAttributes = {
					1E681DBF23FF4F7800075763 = {
						CreatedOnToolsVersion = 11.3;
					};
				};
			};
			buildConfigurationList = 1E681DBB23FF4F7800075763 /* Build configuration list for PBXProject "swiftui_sample" */;
			compatibilityVersion = "Xcode 9.3";
			developmentRegion = en;
			hasScannedForEncodings = 0;
			knownRegions = (
				en,
				Base,
			);
			mainGroup = 1E681DB723FF4F7800075763;
			productRefGroup = 1E681DC123FF4F7800075763 /* Products */;
			projectDirPath = "";
			projectRoot = "";
			targets = (
				1E681DBF23FF4F7800075763 /* swiftui_sample */,
			);
		};
/* End PBXProject section */

/* Begin PBXResourcesBuildPhase section */
		1E681DBE23FF4F7800075763 /* Resources */ = {
			isa = PBXResourcesBuildPhase;
			buildActionMask = 2147483647;
			files = (
				1E681DD023FF4F7900075763 /* LaunchScreen.storyboard in Resources */,
				1E681DCD23FF4F7900075763 /* Preview Assets.xcassets in Resources */,
				1E681DCA23FF4F7900075763 /* Assets.xcassets in Resources */,
			);
			runOnlyForDeploymentPostprocessing = 0;
		};
/* End PBXResourcesBuildPhase section */

/* Begin PBXSourcesBuildPhase section */
		1E681DBC23FF4F7800075763 /* Sources */ = {
			isa = PBXSourcesBuildPhase;
			buildActionMask = 2147483647;
			files = (
				1E681DC423FF4F7800075763 /* AppDelegate.swift in Sources */,
				1E681DC623FF4F7800075763 /* SceneDelegate.swift in Sources */,
				1E681DE123FF80EF00075763 /* ListView.swift in Sources */,
				1E681DE523FF897500075763 /* DetailView.swift in Sources */,
				1E681DE323FF822E00075763 /* TodoCard.swift in Sources */,
				1E681DC823FF4F7800075763 /* ContentView.swift in Sources */,
				1E681DDF23FF806A00075763 /* ToDo.swift in Sources */,
			);
			runOnlyForDeploymentPostprocessing = 0;
		};
/* End PBXSourcesBuildPhase section */

/* Begin PBXVariantGroup section */
		1E681DCE23FF4F7900075763 /* LaunchScreen.storyboard */ = {
			isa = PBXVariantGroup;
			children = (
				1E681DCF23FF4F7900075763 /* Base */,
			);
			name = LaunchScreen.storyboard;
			sourceTree = "<group>";
		};
/* End PBXVariantGroup section */

/* Begin XCBuildConfiguration section */
		1E681DD223FF4F7900075763 /* Debug */ = {
			isa = XCBuildConfiguration;
			buildSettings = {
				ALWAYS_SEARCH_USER_PATHS = NO;
				CLANG_ANALYZER_NONNULL = YES;
				CLANG_ANALYZER_NUMBER_OBJECT_CONVERSION = YES_AGGRESSIVE;
				CLANG_CXX_LANGUAGE_STANDARD = "gnu++14";
				CLANG_CXX_LIBRARY = "libc++";
				CLANG_ENABLE_MODULES = YES;
				CLANG_ENABLE_OBJC_ARC = YES;
				CLANG_ENABLE_OBJC_WEAK = YES;
				CLANG_WARN_BLOCK_CAPTURE_AUTORELEASING = YES;
				CLANG_WARN_BOOL_CONVERSION = YES;
				CLANG_WARN_COMMA = YES;
				CLANG_WARN_CONSTANT_CONVERSION = YES;
				CLANG_WARN_DEPRECATED_OBJC_IMPLEMENTATIONS = YES;
				CLANG_WARN_DIRECT_OBJC_ISA_USAGE = YES_ERROR;
				CLANG_WARN_DOCUMENTATION_COMMENTS = YES;
				CLANG_WARN_EMPTY_BODY = YES;
				CLANG_WARN_ENUM_CONVERSION = YES;
				CLANG_WARN_INFINITE_RECURSION = YES;
				CLANG_WARN_INT_CONVERSION = YES;
				CLANG_WARN_NON_LITERAL_NULL_CONVERSION = YES;
				CLANG_WARN_OBJC_IMPLICIT_RETAIN_SELF = YES;
				CLANG_WARN_OBJC_LITERAL_CONVERSION = YES;
				CLANG_WARN_OBJC_ROOT_CLASS = YES_ERROR;
				CLANG_WARN_RANGE_LOOP_ANALYSIS = YES;
				CLANG_WARN_STRICT_PROTOTYPES = YES;
				CLANG_WARN_SUSPICIOUS_MOVE = YES;
				CLANG_WARN_UNGUARDED_AVAILABILITY = YES_AGGRESSIVE;
				CLANG_WARN_UNREACHABLE_CODE = YES;
				CLANG_WARN__DUPLICATE_METHOD_MATCH = YES;
				COPY_PHASE_STRIP = NO;
				DEBUG_INFORMATION_FORMAT = dwarf;
				ENABLE_STRICT_OBJC_MSGSEND = YES;
				ENABLE_TESTABILITY = YES;
				GCC_C_LANGUAGE_STANDARD = gnu11;
				GCC_DYNAMIC_NO_PIC = NO;
				GCC_NO_COMMON_BLOCKS = YES;
				GCC_OPTIMIZATION_LEVEL = 0;
				GCC_PREPROCESSOR_DEFINITIONS = (
					"DEBUG=1",
					"$(inherited)",
				);
				GCC_WARN_64_TO_32_BIT_CONVERSION = YES;
				GCC_WARN_ABOUT_RETURN_TYPE = YES_ERROR;
				GCC_WARN_UNDECLARED_SELECTOR = YES;
				GCC_WARN_UNINITIALIZED_AUTOS = YES_AGGRESSIVE;
				GCC_WARN_UNUSED_FUNCTION = YES;
				GCC_WARN_UNUSED_VARIABLE = YES;
				IPHONEOS_DEPLOYMENT_TARGET = 13.2;
				MTL_ENABLE_DEBUG_INFO = INCLUDE_SOURCE;
				MTL_FAST_MATH = YES;
				ONLY_ACTIVE_ARCH = YES;
				SDKROOT = iphoneos;
				SWIFT_ACTIVE_COMPILATION_CONDITIONS = DEBUG;
				SWIFT_OPTIMIZATION_LEVEL = "-Onone";
			};
			name = Debug;
		};
		1E681DD323FF4F7900075763 /* Release */ = {
			isa = XCBuildConfiguration;
			buildSettings = {
				ALWAYS_SEARCH_USER_PATHS = NO;
				CLANG_ANALYZER_NONNULL = YES;
				CLANG_ANALYZER_NUMBER_OBJECT_CONVERSION = YES_AGGRESSIVE;
				CLANG_CXX_LANGUAGE_STANDARD = "gnu++14";
				CLANG_CXX_LIBRARY = "libc++";
				CLANG_ENABLE_MODULES = YES;
				CLANG_ENABLE_OBJC_ARC = YES;
				CLANG_ENABLE_OBJC_WEAK = YES;
				CLANG_WARN_BLOCK_CAPTURE_AUTORELEASING = YES;
				CLANG_WARN_BOOL_CONVERSION = YES;
				CLANG_WARN_COMMA = YES;
				CLANG_WARN_CONSTANT_CONVERSION = YES;
				CLANG_WARN_DEPRECATED_OBJC_IMPLEMENTATIONS = YES;
				CLANG_WARN_DIRECT_OBJC_ISA_USAGE = YES_ERROR;
				CLANG_WARN_DOCUMENTATION_COMMENTS = YES;
				CLANG_WARN_EMPTY_BODY = YES;
				CLANG_WARN_ENUM_CONVERSION = YES;
				CLANG_WARN_INFINITE_RECURSION = YES;
				CLANG_WARN_INT_CONVERSION = YES;
				CLANG_WARN_NON_LITERAL_NULL_CONVERSION = YES;
				CLANG_WARN_OBJC_IMPLICIT_RETAIN_SELF = YES;
				CLANG_WARN_OBJC_LITERAL_CONVERSION = YES;
				CLANG_WARN_OBJC_ROOT_CLASS = YES_ERROR;
				CLANG_WARN_RANGE_LOOP_ANALYSIS = YES;
				CLANG_WARN_STRICT_PROTOTYPES = YES;
				CLANG_WARN_SUSPICIOUS_MOVE = YES;
				CLANG_WARN_UNGUARDED_AVAILABILITY = YES_AGGRESSIVE;
				CLANG_WARN_UNREACHABLE_CODE = YES;
				CLANG_WARN__DUPLICATE_METHOD_MATCH = YES;
				COPY_PHASE_STRIP = NO;
				DEBUG_INFORMATION_FORMAT = "dwarf-with-dsym";
				ENABLE_NS_ASSERTIONS = NO;
				ENABLE_STRICT_OBJC_MSGSEND = YES;
				GCC_C_LANGUAGE_STANDARD = gnu11;
				GCC_NO_COMMON_BLOCKS = YES;
				GCC_WARN_64_TO_32_BIT_CONVERSION = YES;
				GCC_WARN_ABOUT_RETURN_TYPE = YES_ERROR;
				GCC_WARN_UNDECLARED_SELECTOR = YES;
				GCC_WARN_UNINITIALIZED_AUTOS = YES_AGGRESSIVE;
				GCC_WARN_UNUSED_FUNCTION = YES;
				GCC_WARN_UNUSED_VARIABLE = YES;
				IPHONEOS_DEPLOYMENT_TARGET = 13.2;
				MTL_ENABLE_DEBUG_INFO = NO;
				MTL_FAST_MATH = YES;
				SDKROOT = iphoneos;
				SWIFT_COMPILATION_MODE = wholemodule;
				SWIFT_OPTIMIZATION_LEVEL = "-O";
				VALIDATE_PRODUCT = YES;
			};
			name = Release;
		};
		1E681DD523FF4F7900075763 /* Debug */ = {
			isa = XCBuildConfiguration;
			buildSettings = {
				ASSETCATALOG_COMPILER_APPICON_NAME = AppIcon;
				CODE_SIGN_STYLE = Automatic;
				DEVELOPMENT_ASSET_PATHS = "\"swiftui_sample/Preview Content\"";
				ENABLE_PREVIEWS = YES;
				INFOPLIST_FILE = swiftui_sample/Info.plist;
				LD_RUNPATH_SEARCH_PATHS = (
					"$(inherited)",
					"@executable_path/Frameworks",
				);
				PRODUCT_BUNDLE_IDENTIFIER = "com.github.k28.sample.swiftui-sample";
				PRODUCT_NAME = "$(TARGET_NAME)";
				SWIFT_VERSION = 5.0;
				TARGETED_DEVICE_FAMILY = "1,2";
			};
			name = Debug;
		};
		1E681DD623FF4F7900075763 /* Release */ = {
			isa = XCBuildConfiguration;
			buildSettings = {
				ASSETCATALOG_COMPILER_APPICON_NAME = AppIcon;
				CODE_SIGN_STYLE = Automatic;
				DEVELOPMENT_ASSET_PATHS = "\"swiftui_sample/Preview Content\"";
				ENABLE_PREVIEWS = YES;
				INFOPLIST_FILE = swiftui_sample/Info.plist;
				LD_RUNPATH_SEARCH_PATHS = (
					"$(inherited)",
					"@executable_path/Frameworks",
				);
				PRODUCT_BUNDLE_IDENTIFIER = "com.github.k28.sample.swiftui-sample";
				PRODUCT_NAME = "$(TARGET_NAME)";
				SWIFT_VERSION = 5.0;
				TARGETED_DEVICE_FAMILY = "1,2";
			};
			name = Release;
		};
/* End XCBuildConfiguration section */

/* Begin XCConfigurationList section */
		1E681DBB23FF4F7800075763 /* Build configuration list for PBXProject "swiftui_sample" */ = {
			isa = XCConfigurationList;
			buildConfigurations = (
				1E681DD223FF4F7900075763 /* Debug */,
				1E681DD323FF4F7900075763 /* Release */,
			);
			defaultConfigurationIsVisible = 0;
			defaultConfigurationName = Release;
		};
		1E681DD423FF4F7900075763 /* Build configuration list for PBXNativeTarget "swiftui_sample" */ = {
			isa = XCConfigurationList;
			buildConfigurations = (
				1E681DD523FF4F7900075763 /* Debug */,
				1E681DD623FF4F7900075763 /* Release */,
			);
			defaultConfigurationIsVisible = 0;
			defaultConfigurationName = Release;
		};
/* End XCConfigurationList section */
	};
	rootObject = 1E681DB823FF4F7800075763 /* Project object */;
}
